
Microsoft Visual Studio Solution File, Format Version 12.00
# Visual Studio Version 17
VisualStudioVersion = 17.4.33122.133
MinimumVisualStudioVersion = 10.0.40219.1
Project("{FAE04EC0-301F-11D3-BF4B-00C04F79EFBC}") = "GatesApp", "GatesApp.csproj", "{1CE741D6-5AE0-413B-ABB9-462395BEAB0B}"
EndProject
Global
	GlobalSection(SolutionConfigurationPlatforms) = preSolution
		Debug|Any CPU = Debug|Any CPU
		Release|Any CPU = Release|Any CPU
	EndGlobalSection
	GlobalSection(ProjectConfigurationPlatforms) = postSolution
		{1CE741D6-5AE0-413B-ABB9-462395BEAB0B}.Debug|Any CPU.ActiveCfg = Debug|Any CPU
		{1CE741D6-5AE0-413B-ABB9-462395BEAB0B}.Debug|Any CPU.Build.0 = Debug|Any CPU
		{1CE741D6-5AE0-413B-ABB9-462395BEAB0B}.Release|Any CPU.ActiveCfg = Release|Any CPU
		{1CE741D6-5AE0-413B-ABB9-462395BEAB0B}.Release|Any CPU.Build.0 = Release|Any CPU
	EndGlobalSection
	GlobalSection(SolutionProperties) = preSolution
		HideSolutionNode = FALSE
	EndGlobalSection
	GlobalSection(ExtensibilityGlobals) = postSolution
		SolutionGuid = {1446A70A-ABEB-4EB8-8FAB-EAAF9BDB2DFE}
	EndGlobalSection
EndGlobal
